
Microsoft Visual Studio Solution File, Format Version 11.00
# Visual Studio 2010
Project("{8BC9CEB8-8B4A-11D0-8D11-00A0C91BC942}") = "beyond_project", "beyond_project\beyond_project.vcxproj", "{271D3CC2-34EE-4F9D-8398-72B46FDBECC4}"
EndProject
Global
	GlobalSection(SolutionConfigurationPlatforms) = preSolution
		Debug|Win32 = Debug|Win32
		Release|Win32 = Release|Win32
	EndGlobalSection
	GlobalSection(ProjectConfigurationPlatforms) = postSolution
		{271D3CC2-34EE-4F9D-8398-72B46FDBECC4}.Debug|Win32.ActiveCfg = Debug|Win32
		{271D3CC2-34EE-4F9D-8398-72B46FDBECC4}.Debug|Win32.Build.0 = Debug|Win32
		{271D3CC2-34EE-4F9D-8398-72B46FDBECC4}.Release|Win32.ActiveCfg = Release|Win32
		{271D3CC2-34EE-4F9D-8398-72B46FDBECC4}.Release|Win32.Build.0 = Release|Win32
	EndGlobalSection
	GlobalSection(SolutionProperties) = preSolution
		HideSolutionNode = FALSE
	EndGlobalSection
EndGlobal
